
Microsoft Visual Studio Solution File, Format Version 12.00
# Visual Studio Version 16
VisualStudioVersion = 16.0.31515.178
MinimumVisualStudioVersion = 10.0.40219.1
Project("{888888A0-9F3D-457C-B088-3A5042F75D52}") = "week7_Project3_UsingFilesToRestore_RetreiveData", "week7_Project3_UsingFilesToRestore_RetreiveData.pyproj", "{3336F14C-B97B-4A3B-B3BD-E1DD4C758094}"
EndProject
Global
	GlobalSection(SolutionConfigurationPlatforms) = preSolution
		Debug|Any CPU = Debug|Any CPU
		Release|Any CPU = Release|Any CPU
	EndGlobalSection
	GlobalSection(ProjectConfigurationPlatforms) = postSolution
		{3336F14C-B97B-4A3B-B3BD-E1DD4C758094}.Debug|Any CPU.ActiveCfg = Debug|Any CPU
		{3336F14C-B97B-4A3B-B3BD-E1DD4C758094}.Release|Any CPU.ActiveCfg = Release|Any CPU
	EndGlobalSection
	GlobalSection(SolutionProperties) = preSolution
		HideSolutionNode = FALSE
	EndGlobalSection
	GlobalSection(ExtensibilityGlobals) = postSolution
		SolutionGuid = {F7ECCD9A-77CE-4391-811D-4B1004E03B6E}
	EndGlobalSection
EndGlobal
